
Microsoft Visual Studio Solution File, Format Version 12.00
# Visual Studio Version 17
VisualStudioVersion = 17.4.33213.308
MinimumVisualStudioVersion = 10.0.40219.1
Project("{FAE04EC0-301F-11D3-BF4B-00C04F79EFBC}") = "NeedleCleanup", "NeedleCleanup.csproj", "{50FF4E33-F8F3-41DE-B04D-1118AA486106}"
EndProject
Project("{2150E333-8FDC-42A3-9474-1A3956D46DE8}") = "Solution Items", "Solution Items", "{71A75ADD-0FAA-423D-BE47-2B30F82DBA5E}"
	ProjectSection(SolutionItems) = preProject
		NeedleCleanup\modinfo.json = NeedleCleanup\modinfo.json
	EndProjectSection
EndProject
Global
	GlobalSection(SolutionConfigurationPlatforms) = preSolution
		Debug|Any CPU = Debug|Any CPU
		Release|Any CPU = Release|Any CPU
	EndGlobalSection
	GlobalSection(ProjectConfigurationPlatforms) = postSolution
		{50FF4E33-F8F3-41DE-B04D-1118AA486106}.Debug|Any CPU.ActiveCfg = Debug|Any CPU
		{50FF4E33-F8F3-41DE-B04D-1118AA486106}.Debug|Any CPU.Build.0 = Debug|Any CPU
		{50FF4E33-F8F3-41DE-B04D-1118AA486106}.Release|Any CPU.ActiveCfg = Release|Any CPU
		{50FF4E33-F8F3-41DE-B04D-1118AA486106}.Release|Any CPU.Build.0 = Release|Any CPU
	EndGlobalSection
	GlobalSection(SolutionProperties) = preSolution
		HideSolutionNode = FALSE
	EndGlobalSection
	GlobalSection(ExtensibilityGlobals) = postSolution
		SolutionGuid = {C244DBAB-9127-4E35-8278-FF3BE71148B7}
	EndGlobalSection
EndGlobal
